// !$*UTF8*$!
{
	archiveVersion = 1;
	classes = {
	};
	objectVersion = 46;
	objects = {

/* Begin PBXBuildFile section */
		0353EE6A1520A2D60038531B /* help.png in Resources */ = {isa = PBXBuildFile; fileRef = 0353EE691520A2D60038531B /* help.png */; };
		035C1FB9151B2D2200491FB1 /* WebViewController.m in Sources */ = {isa = PBXBuildFile; fileRef = 035C1FB8151B2D2200491FB1 /* WebViewController.m */; };
		035C1FBC151B2D2D00491FB1 /* lipi.png in Resources */ = {isa = PBXBuildFile; fileRef = 035C1FBB151B2D2D00491FB1 /* lipi.png */; };
		038A91B5152AE1C900F03607 /* zoom_in.png in Resources */ = {isa = PBXBuildFile; fileRef = 038A91B1152AE1C900F03607 /* zoom_in.png */; };
		038A91B7152AE1C900F03607 /* zoom_out.png in Resources */ = {isa = PBXBuildFile; fileRef = 038A91B3152AE1C900F03607 /* zoom_out.png */; };
		03B0245F14C53BEE00D40DE4 /* malayalam-bible.db in Resources */ = {isa = PBXBuildFile; fileRef = 03B0245E14C53BEE00D40DE4 /* malayalam-bible.db */; };
		03BA84C915022AAD0089ABCE /* lex.macro_mozhi_unicode.c in Sources */ = {isa = PBXBuildFile; fileRef = 03BA84B615022AAD0089ABCE /* lex.macro_mozhi_unicode.c */; };
		03BA84CA15022AAD0089ABCE /* lex.mozhi_unicode.c in Sources */ = {isa = PBXBuildFile; fileRef = 03BA84B715022AAD0089ABCE /* lex.mozhi_unicode.c */; };
		03BA84CB15022AAD0089ABCE /* list.c in Sources */ = {isa = PBXBuildFile; fileRef = 03BA84B815022AAD0089ABCE /* list.c */; };
		03BA84CC15022AAD0089ABCE /* mal.tab.c in Sources */ = {isa = PBXBuildFile; fileRef = 03BA84BC15022AAD0089ABCE /* mal.tab.c */; };
		03BA84CD15022AAD0089ABCE /* mozhi_unicode_default.c in Sources */ = {isa = PBXBuildFile; fileRef = 03BA84BF15022AAD0089ABCE /* mozhi_unicode_default.c */; };
		03BA84CE15022AAD0089ABCE /* strlist.c in Sources */ = {isa = PBXBuildFile; fileRef = 03BA84C115022AAD0089ABCE /* strlist.c */; };
		03BA84CF15022AAD0089ABCE /* strpair.c in Sources */ = {isa = PBXBuildFile; fileRef = 03BA84C315022AAD0089ABCE /* strpair.c */; };
		03BA84D015022AAD0089ABCE /* strstruct.c in Sources */ = {isa = PBXBuildFile; fileRef = 03BA84C515022AAD0089ABCE /* strstruct.c */; };
		03BA84D115022AAD0089ABCE /* txt2html.c in Sources */ = {isa = PBXBuildFile; fileRef = 03BA84C715022AAD0089ABCE /* txt2html.c */; };
		03D1255915060FE70054CB0A /* VerseCell.m in Sources */ = {isa = PBXBuildFile; fileRef = 03D1255815060FE70054CB0A /* VerseCell.m */; };
		03D3FFE414BFF40A004A8BE8 /* BibleDao.m in Sources */ = {isa = PBXBuildFile; fileRef = 03D3FFE314BFF40A004A8BE8 /* BibleDao.m */; };
		03D3FFE914C02D8E004A8BE8 /* Settings.png in Resources */ = {isa = PBXBuildFile; fileRef = 03D3FFE814C02D8E004A8BE8 /* Settings.png */; };
		03D3FFEC14C030BE004A8BE8 /* SettingsViewController.m in Sources */ = {isa = PBXBuildFile; fileRef = 03D3FFEB14C030BE004A8BE8 /* SettingsViewController.m */; };
		03D3FFEF14C036E9004A8BE8 /* LanguageViewController.m in Sources */ = {isa = PBXBuildFile; fileRef = 03D3FFEE14C036E8004A8BE8 /* LanguageViewController.m */; };
		03D3FFF214C04098004A8BE8 /* SelectionController.m in Sources */ = {isa = PBXBuildFile; fileRef = 03D3FFF114C04096004A8BE8 /* SelectionController.m */; };
		03D3FFF614C053FD004A8BE8 /* MBConstants.m in Sources */ = {isa = PBXBuildFile; fileRef = 03D3FFF514C053FC004A8BE8 /* MBConstants.m */; };
		0F24AB9414803B130096403E /* Icon-72.png in Resources */ = {isa = PBXBuildFile; fileRef = 0F24AB9314803B130096403E /* Icon-72.png */; };
		0F24AB96148040360096403E /* Default-Portrait.png in Resources */ = {isa = PBXBuildFile; fileRef = 0F24AB95148040360096403E /* Default-Portrait.png */; };
		0F24AB98148043D90096403E /* Default-Landscape.png in Resources */ = {isa = PBXBuildFile; fileRef = 0F24AB97148043D90096403E /* Default-Landscape.png */; };
		0F5EC22B1451FD74001C8727 /* Default.png in Resources */ = {isa = PBXBuildFile; fileRef = 0F5EC22A1451FD74001C8727 /* Default.png */; };
		0F84913814F2E8940057ABE6 /* Gear.png in Resources */ = {isa = PBXBuildFile; fileRef = 0F84913614F2E8940057ABE6 /* Gear.png */; };
		0F84913914F2E8940057ABE6 /* Gear@2x.png in Resources */ = {isa = PBXBuildFile; fileRef = 0F84913714F2E8940057ABE6 /* Gear@2x.png */; };
		0FBAE74C1451FFB1007718D3 /* Icon.png in Resources */ = {isa = PBXBuildFile; fileRef = 0FBAE74B1451FFB1007718D3 /* Icon.png */; };
		0FBAE75314520F6B007718D3 /* Information.xib in Resources */ = {isa = PBXBuildFile; fileRef = 0FBAE75114520F6B007718D3 /* Information.xib */; };
		0FBAE7641455D46D007718D3 /* Icon@2x.png in Resources */ = {isa = PBXBuildFile; fileRef = 0FBAE7631455D46D007718D3 /* Icon@2x.png */; };
		0FBAE7661455D6C0007718D3 /* Default@2x.png in Resources */ = {isa = PBXBuildFile; fileRef = 0FBAE7651455D6C0007718D3 /* Default@2x.png */; };
		0FFE50881450636E00BC85EE /* UIKit.framework in Frameworks */ = {isa = PBXBuildFile; fileRef = 0FFE50871450636E00BC85EE /* UIKit.framework */; };
		0FFE508A1450636E00BC85EE /* Foundation.framework in Frameworks */ = {isa = PBXBuildFile; fileRef = 0FFE50891450636E00BC85EE /* Foundation.framework */; };
		0FFE508C1450636E00BC85EE /* CoreGraphics.framework in Frameworks */ = {isa = PBXBuildFile; fileRef = 0FFE508B1450636E00BC85EE /* CoreGraphics.framework */; };
		0FFE50921450636E00BC85EE /* InfoPlist.strings in Resources */ = {isa = PBXBuildFile; fileRef = 0FFE50901450636E00BC85EE /* InfoPlist.strings */; };
		0FFE50941450636E00BC85EE /* main.m in Sources */ = {isa = PBXBuildFile; fileRef = 0FFE50931450636E00BC85EE /* main.m */; };
		0FFE50981450636E00BC85EE /* MalayalamBibleAppDelegate.m in Sources */ = {isa = PBXBuildFile; fileRef = 0FFE50971450636E00BC85EE /* MalayalamBibleAppDelegate.m */; };
		0FFE50BB1450744400BC85EE /* libsqlite3.dylib in Frameworks */ = {isa = PBXBuildFile; fileRef = 0FFE50BA1450744400BC85EE /* libsqlite3.dylib */; };
		8F7BD9AD1499045600205D28 /* Localizable.strings in Resources */ = {isa = PBXBuildFile; fileRef = 8F7BD9AB1499045600205D28 /* Localizable.strings */; };
		8FB58B7414A246D0009226AE /* Book.m in Sources */ = {isa = PBXBuildFile; fileRef = 8FB58B5E14A246D0009226AE /* Book.m */; };
		8FB58B7514A246D0009226AE /* ChapterPickerController.m in Sources */ = {isa = PBXBuildFile; fileRef = 8FB58B6014A246D0009226AE /* ChapterPickerController.m */; };
		8FB58B7614A246D0009226AE /* ChapterPopOverController.m in Sources */ = {isa = PBXBuildFile; fileRef = 8FB58B6214A246D0009226AE /* ChapterPopOverController.m */; };
		8FB58B7714A246D0009226AE /* ChapterSelection.m in Sources */ = {isa = PBXBuildFile; fileRef = 8FB58B6414A246D0009226AE /* ChapterSelection.m */; };
		8FB58B7814A246D0009226AE /* Information.m in Sources */ = {isa = PBXBuildFile; fileRef = 8FB58B6614A246D0009226AE /* Information.m */; };
		8FB58B7914A246D0009226AE /* MalayalamBibleDetailViewController.m in Sources */ = {isa = PBXBuildFile; fileRef = 8FB58B6814A246D0009226AE /* MalayalamBibleDetailViewController.m */; };
		8FB58B7A14A246D0009226AE /* MalayalamBibleMasterViewController.m in Sources */ = {isa = PBXBuildFile; fileRef = 8FB58B6A14A246D0009226AE /* MalayalamBibleMasterViewController.m */; };
		8FB58B7B14A246D0009226AE /* UIToolbarCustom.m in Sources */ = {isa = PBXBuildFile; fileRef = 8FB58B6D14A246D0009226AE /* UIToolbarCustom.m */; };
		8FB58B7C14A246D0009226AE /* Chapters.png in Resources */ = {isa = PBXBuildFile; fileRef = 8FB58B6F14A246D0009226AE /* Chapters.png */; };
		8FB58B7D14A246D0009226AE /* next.png in Resources */ = {isa = PBXBuildFile; fileRef = 8FB58B7014A246D0009226AE /* next.png */; };
		8FB58B7E14A246D0009226AE /* next@2x.png in Resources */ = {isa = PBXBuildFile; fileRef = 8FB58B7114A246D0009226AE /* next@2x.png */; };
		8FB58B7F14A246D0009226AE /* previous.png in Resources */ = {isa = PBXBuildFile; fileRef = 8FB58B7214A246D0009226AE /* previous.png */; };
		8FB58B8014A246D0009226AE /* previous@2x.png in Resources */ = {isa = PBXBuildFile; fileRef = 8FB58B7314A246D0009226AE /* previous@2x.png */; };
		8FB58B8614A2475C009226AE /* MessageUI.framework in Frameworks */ = {isa = PBXBuildFile; fileRef = 8FB58B8514A2475C009226AE /* MessageUI.framework */; };
/* End PBXBuildFile section */

/* Begin PBXFileReference section */
		0353EE691520A2D60038531B /* help.png */ = {isa = PBXFileReference; lastKnownFileType = image.png; path = help.png; sourceTree = "<group>"; };
		035C1FB7151B2D2200491FB1 /* WebViewController.h */ = {isa = PBXFileReference; fileEncoding = 4; lastKnownFileType = sourcecode.c.h; path = WebViewController.h; sourceTree = "<group>"; };
		035C1FB8151B2D2200491FB1 /* WebViewController.m */ = {isa = PBXFileReference; fileEncoding = 4; lastKnownFileType = sourcecode.c.objc; path = WebViewController.m; sourceTree = "<group>"; };
		035C1FBB151B2D2D00491FB1 /* lipi.png */ = {isa = PBXFileReference; lastKnownFileType = image.png; path = lipi.png; sourceTree = "<group>"; };
		038A91B1152AE1C900F03607 /* zoom_in.png */ = {isa = PBXFileReference; lastKnownFileType = image.png; path = zoom_in.png; sourceTree = "<group>"; };
		038A91B3152AE1C900F03607 /* zoom_out.png */ = {isa = PBXFileReference; lastKnownFileType = image.png; path = zoom_out.png; sourceTree = "<group>"; };
		03B0245E14C53BEE00D40DE4 /* malayalam-bible.db */ = {isa = PBXFileReference; lastKnownFileType = file; path = "malayalam-bible.db"; sourceTree = "<group>"; };
		03BA84B615022AAD0089ABCE /* lex.macro_mozhi_unicode.c */ = {isa = PBXFileReference; fileEncoding = 4; lastKnownFileType = sourcecode.c.c; path = lex.macro_mozhi_unicode.c; sourceTree = "<group>"; };
		03BA84B715022AAD0089ABCE /* lex.mozhi_unicode.c */ = {isa = PBXFileReference; fileEncoding = 4; lastKnownFileType = sourcecode.c.c; path = lex.mozhi_unicode.c; sourceTree = "<group>"; };
		03BA84B815022AAD0089ABCE /* list.c */ = {isa = PBXFileReference; fileEncoding = 4; lastKnownFileType = sourcecode.c.c; path = list.c; sourceTree = "<group>"; };
		03BA84B915022AAD0089ABCE /* list.h */ = {isa = PBXFileReference; fileEncoding = 4; lastKnownFileType = sourcecode.c.h; path = list.h; sourceTree = "<group>"; };
		03BA84BA15022AAD0089ABCE /* mal-decl.h */ = {isa = PBXFileReference; fileEncoding = 4; lastKnownFileType = sourcecode.c.h; path = "mal-decl.h"; sourceTree = "<group>"; };
		03BA84BB15022AAD0089ABCE /* mal-type.h */ = {isa = PBXFileReference; fileEncoding = 4; lastKnownFileType = sourcecode.c.h; path = "mal-type.h"; sourceTree = "<group>"; };
		03BA84BC15022AAD0089ABCE /* mal.tab.c */ = {isa = PBXFileReference; fileEncoding = 4; lastKnownFileType = sourcecode.c.c; path = mal.tab.c; sourceTree = "<group>"; };
		03BA84BD15022AAD0089ABCE /* mal.tab.h */ = {isa = PBXFileReference; fileEncoding = 4; lastKnownFileType = sourcecode.c.h; path = mal.tab.h; sourceTree = "<group>"; };
		03BA84BE15022AAD0089ABCE /* mal_api.h */ = {isa = PBXFileReference; fileEncoding = 4; lastKnownFileType = sourcecode.c.h; path = mal_api.h; sourceTree = "<group>"; };
		03BA84BF15022AAD0089ABCE /* mozhi_unicode_default.c */ = {isa = PBXFileReference; fileEncoding = 4; lastKnownFileType = sourcecode.c.c; path = mozhi_unicode_default.c; sourceTree = "<group>"; };
		03BA84C015022AAD0089ABCE /* status.h */ = {isa = PBXFileReference; fileEncoding = 4; lastKnownFileType = sourcecode.c.h; path = status.h; sourceTree = "<group>"; };
		03BA84C115022AAD0089ABCE /* strlist.c */ = {isa = PBXFileReference; fileEncoding = 4; lastKnownFileType = sourcecode.c.c; path = strlist.c; sourceTree = "<group>"; };
		03BA84C215022AAD0089ABCE /* strlist.h */ = {isa = PBXFileReference; fileEncoding = 4; lastKnownFileType = sourcecode.c.h; path = strlist.h; sourceTree = "<group>"; };
		03BA84C315022AAD0089ABCE /* strpair.c */ = {isa = PBXFileReference; fileEncoding = 4; lastKnownFileType = sourcecode.c.c; path = strpair.c; sourceTree = "<group>"; };
		03BA84C415022AAD0089ABCE /* strpair.h */ = {isa = PBXFileReference; fileEncoding = 4; lastKnownFileType = sourcecode.c.h; path = strpair.h; sourceTree = "<group>"; };
		03BA84C515022AAD0089ABCE /* strstruct.c */ = {isa = PBXFileReference; fileEncoding = 4; lastKnownFileType = sourcecode.c.c; path = strstruct.c; sourceTree = "<group>"; };
		03BA84C615022AAD0089ABCE /* strstruct.h */ = {isa = PBXFileReference; fileEncoding = 4; lastKnownFileType = sourcecode.c.h; path = strstruct.h; sourceTree = "<group>"; };
		03BA84C715022AAD0089ABCE /* txt2html.c */ = {isa = PBXFileReference; fileEncoding = 4; lastKnownFileType = sourcecode.c.c; path = txt2html.c; sourceTree = "<group>"; };
		03BA84C815022AAD0089ABCE /* txt2html.h */ = {isa = PBXFileReference; fileEncoding = 4; lastKnownFileType = sourcecode.c.h; path = txt2html.h; sourceTree = "<group>"; };
		03D1255715060FE70054CB0A /* VerseCell.h */ = {isa = PBXFileReference; fileEncoding = 4; lastKnownFileType = sourcecode.c.h; path = VerseCell.h; sourceTree = "<group>"; };
		03D1255815060FE70054CB0A /* VerseCell.m */ = {isa = PBXFileReference; fileEncoding = 4; lastKnownFileType = sourcecode.c.objc; path = VerseCell.m; sourceTree = "<group>"; };
		03D3FFE214BFF40A004A8BE8 /* BibleDao.h */ = {isa = PBXFileReference; fileEncoding = 4; lastKnownFileType = sourcecode.c.h; path = BibleDao.h; sourceTree = "<group>"; };
		03D3FFE314BFF40A004A8BE8 /* BibleDao.m */ = {isa = PBXFileReference; fileEncoding = 4; lastKnownFileType = sourcecode.c.objc; path = BibleDao.m; sourceTree = "<group>"; };
		03D3FFE814C02D8E004A8BE8 /* Settings.png */ = {isa = PBXFileReference; lastKnownFileType = image.png; path = Settings.png; sourceTree = "<group>"; };
		03D3FFEA14C030BD004A8BE8 /* SettingsViewController.h */ = {isa = PBXFileReference; fileEncoding = 4; lastKnownFileType = sourcecode.c.h; path = SettingsViewController.h; sourceTree = "<group>"; };
		03D3FFEB14C030BE004A8BE8 /* SettingsViewController.m */ = {isa = PBXFileReference; fileEncoding = 4; lastKnownFileType = sourcecode.c.objc; path = SettingsViewController.m; sourceTree = "<group>"; };
		03D3FFED14C036E8004A8BE8 /* LanguageViewController.h */ = {isa = PBXFileReference; fileEncoding = 4; lastKnownFileType = sourcecode.c.h; path = LanguageViewController.h; sourceTree = "<group>"; };
		03D3FFEE14C036E8004A8BE8 /* LanguageViewController.m */ = {isa = PBXFileReference; fileEncoding = 4; lastKnownFileType = sourcecode.c.objc; path = LanguageViewController.m; sourceTree = "<group>"; };
		03D3FFF014C04095004A8BE8 /* SelectionController.h */ = {isa = PBXFileReference; fileEncoding = 4; lastKnownFileType = sourcecode.c.h; path = SelectionController.h; sourceTree = "<group>"; };
		03D3FFF114C04096004A8BE8 /* SelectionController.m */ = {isa = PBXFileReference; fileEncoding = 4; lastKnownFileType = sourcecode.c.objc; path = SelectionController.m; sourceTree = "<group>"; };
		03D3FFF414C053FB004A8BE8 /* MBConstants.h */ = {isa = PBXFileReference; fileEncoding = 4; lastKnownFileType = sourcecode.c.h; path = MBConstants.h; sourceTree = "<group>"; };
		03D3FFF514C053FC004A8BE8 /* MBConstants.m */ = {isa = PBXFileReference; fileEncoding = 4; lastKnownFileType = sourcecode.c.objc; path = MBConstants.m; sourceTree = "<group>"; };
		0F24AB9314803B130096403E /* Icon-72.png */ = {isa = PBXFileReference; lastKnownFileType = image.png; path = "Icon-72.png"; sourceTree = "<group>"; };
		0F24AB95148040360096403E /* Default-Portrait.png */ = {isa = PBXFileReference; lastKnownFileType = image.png; path = "Default-Portrait.png"; sourceTree = "<group>"; };
		0F24AB97148043D90096403E /* Default-Landscape.png */ = {isa = PBXFileReference; lastKnownFileType = image.png; path = "Default-Landscape.png"; sourceTree = "<group>"; };
		0F5EC22A1451FD74001C8727 /* Default.png */ = {isa = PBXFileReference; lastKnownFileType = image.png; path = Default.png; sourceTree = "<group>"; };
		0F84913614F2E8940057ABE6 /* Gear.png */ = {isa = PBXFileReference; lastKnownFileType = image.png; path = Gear.png; sourceTree = "<group>"; };
		0F84913714F2E8940057ABE6 /* Gear@2x.png */ = {isa = PBXFileReference; lastKnownFileType = image.png; path = "Gear@2x.png"; sourceTree = "<group>"; };
		0FBAE74B1451FFB1007718D3 /* Icon.png */ = {isa = PBXFileReference; lastKnownFileType = image.png; path = Icon.png; sourceTree = "<group>"; };
		0FBAE75114520F6B007718D3 /* Information.xib */ = {isa = PBXFileReference; fileEncoding = 4; lastKnownFileType = file.xib; path = Information.xib; sourceTree = "<group>"; };
		0FBAE7631455D46D007718D3 /* Icon@2x.png */ = {isa = PBXFileReference; lastKnownFileType = image.png; path = "Icon@2x.png"; sourceTree = "<group>"; };
		0FBAE7651455D6C0007718D3 /* Default@2x.png */ = {isa = PBXFileReference; lastKnownFileType = image.png; path = "Default@2x.png"; sourceTree = "<group>"; };
		0FFE50831450636E00BC85EE /* Malayalam Bible.app */ = {isa = PBXFileReference; explicitFileType = wrapper.application; includeInIndex = 0; path = "Malayalam Bible.app"; sourceTree = BUILT_PRODUCTS_DIR; };
		0FFE50871450636E00BC85EE /* UIKit.framework */ = {isa = PBXFileReference; lastKnownFileType = wrapper.framework; name = UIKit.framework; path = System/Library/Frameworks/UIKit.framework; sourceTree = SDKROOT; };
		0FFE50891450636E00BC85EE /* Foundation.framework */ = {isa = PBXFileReference; lastKnownFileType = wrapper.framework; name = Foundation.framework; path = System/Library/Frameworks/Foundation.framework; sourceTree = SDKROOT; };
		0FFE508B1450636E00BC85EE /* CoreGraphics.framework */ = {isa = PBXFileReference; lastKnownFileType = wrapper.framework; name = CoreGraphics.framework; path = System/Library/Frameworks/CoreGraphics.framework; sourceTree = SDKROOT; };
		0FFE508F1450636E00BC85EE /* Malayalam Bible-Info.plist */ = {isa = PBXFileReference; lastKnownFileType = text.plist.xml; path = "Malayalam Bible-Info.plist"; sourceTree = "<group>"; };
		0FFE50911450636E00BC85EE /* en */ = {isa = PBXFileReference; lastKnownFileType = text.plist.strings; name = en; path = en.lproj/InfoPlist.strings; sourceTree = "<group>"; };
		0FFE50931450636E00BC85EE /* main.m */ = {isa = PBXFileReference; lastKnownFileType = sourcecode.c.objc; path = main.m; sourceTree = "<group>"; };
		0FFE50951450636E00BC85EE /* Malayalam Bible-Prefix.pch */ = {isa = PBXFileReference; lastKnownFileType = sourcecode.c.h; path = "Malayalam Bible-Prefix.pch"; sourceTree = "<group>"; };
		0FFE50961450636E00BC85EE /* MalayalamBibleAppDelegate.h */ = {isa = PBXFileReference; lastKnownFileType = sourcecode.c.h; path = MalayalamBibleAppDelegate.h; sourceTree = "<group>"; };
		0FFE50971450636E00BC85EE /* MalayalamBibleAppDelegate.m */ = {isa = PBXFileReference; lastKnownFileType = sourcecode.c.objc; path = MalayalamBibleAppDelegate.m; sourceTree = "<group>"; };
		0FFE50BA1450744400BC85EE /* libsqlite3.dylib */ = {isa = PBXFileReference; lastKnownFileType = "compiled.mach-o.dylib"; name = libsqlite3.dylib; path = usr/lib/libsqlite3.dylib; sourceTree = SDKROOT; };
		8F7BD9AC1499045600205D28 /* en */ = {isa = PBXFileReference; lastKnownFileType = text.plist.strings; name = en; path = en.lproj/Localizable.strings; sourceTree = "<group>"; };
		8FB58B5D14A246D0009226AE /* Book.h */ = {isa = PBXFileReference; fileEncoding = 4; lastKnownFileType = sourcecode.c.h; path = Book.h; sourceTree = "<group>"; };
		8FB58B5E14A246D0009226AE /* Book.m */ = {isa = PBXFileReference; fileEncoding = 4; lastKnownFileType = sourcecode.c.objc; path = Book.m; sourceTree = "<group>"; };
		8FB58B5F14A246D0009226AE /* ChapterPickerController.h */ = {isa = PBXFileReference; fileEncoding = 4; lastKnownFileType = sourcecode.c.h; path = ChapterPickerController.h; sourceTree = "<group>"; };
		8FB58B6014A246D0009226AE /* ChapterPickerController.m */ = {isa = PBXFileReference; fileEncoding = 4; lastKnownFileType = sourcecode.c.objc; path = ChapterPickerController.m; sourceTree = "<group>"; };
		8FB58B6114A246D0009226AE /* ChapterPopOverController.h */ = {isa = PBXFileReference; fileEncoding = 4; lastKnownFileType = sourcecode.c.h; path = ChapterPopOverController.h; sourceTree = "<group>"; };
		8FB58B6214A246D0009226AE /* ChapterPopOverController.m */ = {isa = PBXFileReference; fileEncoding = 4; lastKnownFileType = sourcecode.c.objc; path = ChapterPopOverController.m; sourceTree = "<group>"; };
		8FB58B6314A246D0009226AE /* ChapterSelection.h */ = {isa = PBXFileReference; fileEncoding = 4; lastKnownFileType = sourcecode.c.h; path = ChapterSelection.h; sourceTree = "<group>"; };
		8FB58B6414A246D0009226AE /* ChapterSelection.m */ = {isa = PBXFileReference; fileEncoding = 4; lastKnownFileType = sourcecode.c.objc; path = ChapterSelection.m; sourceTree = "<group>"; };
		8FB58B6514A246D0009226AE /* Information.h */ = {isa = PBXFileReference; fileEncoding = 4; lastKnownFileType = sourcecode.c.h; path = Information.h; sourceTree = "<group>"; };
		8FB58B6614A246D0009226AE /* Information.m */ = {isa = PBXFileReference; fileEncoding = 4; lastKnownFileType = sourcecode.c.objc; path = Information.m; sourceTree = "<group>"; };
		8FB58B6714A246D0009226AE /* MalayalamBibleDetailViewController.h */ = {isa = PBXFileReference; fileEncoding = 4; lastKnownFileType = sourcecode.c.h; path = MalayalamBibleDetailViewController.h; sourceTree = "<group>"; };
		8FB58B6814A246D0009226AE /* MalayalamBibleDetailViewController.m */ = {isa = PBXFileReference; fileEncoding = 4; lastKnownFileType = sourcecode.c.objc; path = MalayalamBibleDetailViewController.m; sourceTree = "<group>"; };
		8FB58B6914A246D0009226AE /* MalayalamBibleMasterViewController.h */ = {isa = PBXFileReference; fileEncoding = 4; lastKnownFileType = sourcecode.c.h; path = MalayalamBibleMasterViewController.h; sourceTree = "<group>"; };
		8FB58B6A14A246D0009226AE /* MalayalamBibleMasterViewController.m */ = {isa = PBXFileReference; fileEncoding = 4; lastKnownFileType = sourcecode.c.objc; path = MalayalamBibleMasterViewController.m; sourceTree = "<group>"; };
		8FB58B6B14A246D0009226AE /* PopOverDelegate.h */ = {isa = PBXFileReference; fileEncoding = 4; lastKnownFileType = sourcecode.c.h; name = PopOverDelegate.h; path = Classes/PopOverDelegate.h; sourceTree = "<group>"; };
		8FB58B6C14A246D0009226AE /* UIToolbarCustom.h */ = {isa = PBXFileReference; fileEncoding = 4; lastKnownFileType = sourcecode.c.h; path = UIToolbarCustom.h; sourceTree = "<group>"; };
		8FB58B6D14A246D0009226AE /* UIToolbarCustom.m */ = {isa = PBXFileReference; fileEncoding = 4; lastKnownFileType = sourcecode.c.objc; path = UIToolbarCustom.m; sourceTree = "<group>"; };
		8FB58B6F14A246D0009226AE /* Chapters.png */ = {isa = PBXFileReference; lastKnownFileType = image.png; path = Chapters.png; sourceTree = "<group>"; };
		8FB58B7014A246D0009226AE /* next.png */ = {isa = PBXFileReference; lastKnownFileType = image.png; path = next.png; sourceTree = "<group>"; };
		8FB58B7114A246D0009226AE /* next@2x.png */ = {isa = PBXFileReference; lastKnownFileType = image.png; path = "next@2x.png"; sourceTree = "<group>"; };
		8FB58B7214A246D0009226AE /* previous.png */ = {isa = PBXFileReference; lastKnownFileType = image.png; path = previous.png; sourceTree = "<group>"; };
		8FB58B7314A246D0009226AE /* previous@2x.png */ = {isa = PBXFileReference; lastKnownFileType = image.png; path = "previous@2x.png"; sourceTree = "<group>"; };
		8FB58B8514A2475C009226AE /* MessageUI.framework */ = {isa = PBXFileReference; lastKnownFileType = wrapper.framework; name = MessageUI.framework; path = System/Library/Frameworks/MessageUI.framework; sourceTree = SDKROOT; };
/* End PBXFileReference section */

/* Begin PBXFrameworksBuildPhase section */
		0FFE50801450636E00BC85EE /* Frameworks */ = {
			isa = PBXFrameworksBuildPhase;
			buildActionMask = 2147483647;
			files = (
				8FB58B8614A2475C009226AE /* MessageUI.framework in Frameworks */,
				0FFE50BB1450744400BC85EE /* libsqlite3.dylib in Frameworks */,
				0FFE50881450636E00BC85EE /* UIKit.framework in Frameworks */,
				0FFE508A1450636E00BC85EE /* Foundation.framework in Frameworks */,
				0FFE508C1450636E00BC85EE /* CoreGraphics.framework in Frameworks */,
			);
			runOnlyForDeploymentPostprocessing = 0;
		};
/* End PBXFrameworksBuildPhase section */

/* Begin PBXGroup section */
		03BA84B515022AAD0089ABCE /* varamozhi */ = {
			isa = PBXGroup;
			children = (
				03BA84B615022AAD0089ABCE /* lex.macro_mozhi_unicode.c */,
				03BA84B715022AAD0089ABCE /* lex.mozhi_unicode.c */,
				03BA84B815022AAD0089ABCE /* list.c */,
				03BA84B915022AAD0089ABCE /* list.h */,
				03BA84BA15022AAD0089ABCE /* mal-decl.h */,
				03BA84BB15022AAD0089ABCE /* mal-type.h */,
				03BA84BC15022AAD0089ABCE /* mal.tab.c */,
				03BA84BD15022AAD0089ABCE /* mal.tab.h */,
				03BA84BE15022AAD0089ABCE /* mal_api.h */,
				03BA84BF15022AAD0089ABCE /* mozhi_unicode_default.c */,
				03BA84C015022AAD0089ABCE /* status.h */,
				03BA84C115022AAD0089ABCE /* strlist.c */,
				03BA84C215022AAD0089ABCE /* strlist.h */,
				03BA84C315022AAD0089ABCE /* strpair.c */,
				03BA84C415022AAD0089ABCE /* strpair.h */,
				03BA84C515022AAD0089ABCE /* strstruct.c */,
				03BA84C615022AAD0089ABCE /* strstruct.h */,
				03BA84C715022AAD0089ABCE /* txt2html.c */,
				03BA84C815022AAD0089ABCE /* txt2html.h */,
			);
			path = varamozhi;
			sourceTree = "<group>";
		};
		03D1256E150645990054CB0A /* Fonts */ = {
			isa = PBXGroup;
			children = (
			);
			path = Fonts;
			sourceTree = "<group>";
		};
		0FFE50781450636E00BC85EE = {
			isa = PBXGroup;
			children = (
				0FFE508D1450636E00BC85EE /* Malayalam Bible */,
				0FFE50861450636E00BC85EE /* Frameworks */,
				0FFE50841450636E00BC85EE /* Products */,
			);
			sourceTree = "<group>";
		};
		0FFE50841450636E00BC85EE /* Products */ = {
			isa = PBXGroup;
			children = (
				0FFE50831450636E00BC85EE /* Malayalam Bible.app */,
			);
			name = Products;
			sourceTree = "<group>";
		};
		0FFE50861450636E00BC85EE /* Frameworks */ = {
			isa = PBXGroup;
			children = (
				8FB58B8514A2475C009226AE /* MessageUI.framework */,
				0FFE50BA1450744400BC85EE /* libsqlite3.dylib */,
				0FFE50871450636E00BC85EE /* UIKit.framework */,
				0FFE50891450636E00BC85EE /* Foundation.framework */,
				0FFE508B1450636E00BC85EE /* CoreGraphics.framework */,
			);
			name = Frameworks;
			sourceTree = "<group>";
		};
		0FFE508D1450636E00BC85EE /* Malayalam Bible */ = {
			isa = PBXGroup;
			children = (
				03BA84B515022AAD0089ABCE /* varamozhi */,
				8FB58B5C14A246D0009226AE /* Classes */,
				8FB58B6E14A246D0009226AE /* Images */,
				8F7BD9A71499032B00205D28 /* Resources */,
				0F24AB97148043D90096403E /* Default-Landscape.png */,
				0F24AB95148040360096403E /* Default-Portrait.png */,
				0F24AB9314803B130096403E /* Icon-72.png */,
				8F8A773F147C20EC00613427 /* Protocols */,
				0FBAE7651455D6C0007718D3 /* Default@2x.png */,
				0FBAE7631455D46D007718D3 /* Icon@2x.png */,
				0FBAE74B1451FFB1007718D3 /* Icon.png */,
				0F5EC22A1451FD74001C8727 /* Default.png */,
				0FFE50961450636E00BC85EE /* MalayalamBibleAppDelegate.h */,
				0FFE50971450636E00BC85EE /* MalayalamBibleAppDelegate.m */,
				0FFE508E1450636E00BC85EE /* Supporting Files */,
				0FBAE75114520F6B007718D3 /* Information.xib */,
			);
			path = "Malayalam Bible";
			sourceTree = "<group>";
		};
		0FFE508E1450636E00BC85EE /* Supporting Files */ = {
			isa = PBXGroup;
			children = (
				0FFE508F1450636E00BC85EE /* Malayalam Bible-Info.plist */,
				0FFE50901450636E00BC85EE /* InfoPlist.strings */,
				0FFE50931450636E00BC85EE /* main.m */,
				0FFE50951450636E00BC85EE /* Malayalam Bible-Prefix.pch */,
			);
			name = "Supporting Files";
			sourceTree = "<group>";
		};
		8F7BD9A71499032B00205D28 /* Resources */ = {
			isa = PBXGroup;
			children = (
				03D1256E150645990054CB0A /* Fonts */,
				03B0245E14C53BEE00D40DE4 /* malayalam-bible.db */,
				8F7BD9AB1499045600205D28 /* Localizable.strings */,
			);
			name = Resources;
			sourceTree = "<group>";
		};
		8F8A773F147C20EC00613427 /* Protocols */ = {
			isa = PBXGroup;
			children = (
				8FB58B6B14A246D0009226AE /* PopOverDelegate.h */,
			);
			name = Protocols;
			sourceTree = "<group>";
		};
		8FB58B5C14A246D0009226AE /* Classes */ = {
			isa = PBXGroup;
			children = (
				035C1FB7151B2D2200491FB1 /* WebViewController.h */,
				035C1FB8151B2D2200491FB1 /* WebViewController.m */,
				8FB58B5D14A246D0009226AE /* Book.h */,
				8FB58B5E14A246D0009226AE /* Book.m */,
				8FB58B5F14A246D0009226AE /* ChapterPickerController.h */,
				8FB58B6014A246D0009226AE /* ChapterPickerController.m */,
				8FB58B6114A246D0009226AE /* ChapterPopOverController.h */,
				8FB58B6214A246D0009226AE /* ChapterPopOverController.m */,
				8FB58B6314A246D0009226AE /* ChapterSelection.h */,
				8FB58B6414A246D0009226AE /* ChapterSelection.m */,
				8FB58B6514A246D0009226AE /* Information.h */,
				8FB58B6614A246D0009226AE /* Information.m */,
				8FB58B6714A246D0009226AE /* MalayalamBibleDetailViewController.h */,
				8FB58B6814A246D0009226AE /* MalayalamBibleDetailViewController.m */,
				8FB58B6914A246D0009226AE /* MalayalamBibleMasterViewController.h */,
				8FB58B6A14A246D0009226AE /* MalayalamBibleMasterViewController.m */,
				8FB58B6C14A246D0009226AE /* UIToolbarCustom.h */,
				8FB58B6D14A246D0009226AE /* UIToolbarCustom.m */,
				03D3FFE214BFF40A004A8BE8 /* BibleDao.h */,
				03D3FFE314BFF40A004A8BE8 /* BibleDao.m */,
				03D3FFEA14C030BD004A8BE8 /* SettingsViewController.h */,
				03D3FFEB14C030BE004A8BE8 /* SettingsViewController.m */,
				03D3FFED14C036E8004A8BE8 /* LanguageViewController.h */,
				03D3FFEE14C036E8004A8BE8 /* LanguageViewController.m */,
				03D3FFF014C04095004A8BE8 /* SelectionController.h */,
				03D3FFF114C04096004A8BE8 /* SelectionController.m */,
				03D3FFF414C053FB004A8BE8 /* MBConstants.h */,
				03D3FFF514C053FC004A8BE8 /* MBConstants.m */,
				03D1255715060FE70054CB0A /* VerseCell.h */,
				03D1255815060FE70054CB0A /* VerseCell.m */,
			);
			path = Classes;
			sourceTree = "<group>";
		};
		8FB58B6E14A246D0009226AE /* Images */ = {
			isa = PBXGroup;
			children = (
				038A91B1152AE1C900F03607 /* zoom_in.png */,
				038A91B3152AE1C900F03607 /* zoom_out.png */,
				0353EE691520A2D60038531B /* help.png */,
				035C1FBB151B2D2D00491FB1 /* lipi.png */,
				0F84913614F2E8940057ABE6 /* Gear.png */,
				0F84913714F2E8940057ABE6 /* Gear@2x.png */,
				03D3FFE814C02D8E004A8BE8 /* Settings.png */,
				8FB58B6F14A246D0009226AE /* Chapters.png */,
				8FB58B7014A246D0009226AE /* next.png */,
				8FB58B7114A246D0009226AE /* next@2x.png */,
				8FB58B7214A246D0009226AE /* previous.png */,
				8FB58B7314A246D0009226AE /* previous@2x.png */,
			);
			path = Images;
			sourceTree = "<group>";
		};
/* End PBXGroup section */

/* Begin PBXNativeTarget section */
		0FFE50821450636E00BC85EE /* Malayalam Bible */ = {
			isa = PBXNativeTarget;
			buildConfigurationList = 0FFE50AD1450636E00BC85EE /* Build configuration list for PBXNativeTarget "Malayalam Bible" */;
			buildPhases = (
				0FFE507F1450636E00BC85EE /* Sources */,
				0FFE50801450636E00BC85EE /* Frameworks */,
				0FFE50811450636E00BC85EE /* Resources */,
			);
			buildRules = (
			);
			dependencies = (
			);
			name = "Malayalam Bible";
			productName = "Malayalam Bible";
			productReference = 0FFE50831450636E00BC85EE /* Malayalam Bible.app */;
			productType = "com.apple.product-type.application";
		};
/* End PBXNativeTarget section */

/* Begin PBXProject section */
		0FFE507A1450636E00BC85EE /* Project object */ = {
			isa = PBXProject;
			attributes = {
				LastUpgradeCheck = 0430;
			};
			buildConfigurationList = 0FFE507D1450636E00BC85EE /* Build configuration list for PBXProject "Malayalam Bible" */;
			compatibilityVersion = "Xcode 3.2";
			developmentRegion = English;
			hasScannedForEncodings = 0;
			knownRegions = (
				en,
			);
			mainGroup = 0FFE50781450636E00BC85EE;
			productRefGroup = 0FFE50841450636E00BC85EE /* Products */;
			projectDirPath = "";
			projectRoot = "";
			targets = (
				0FFE50821450636E00BC85EE /* Malayalam Bible */,
			);
		};
/* End PBXProject section */

/* Begin PBXResourcesBuildPhase section */
		0FFE50811450636E00BC85EE /* Resources */ = {
			isa = PBXResourcesBuildPhase;
			buildActionMask = 2147483647;
			files = (
				0FFE50921450636E00BC85EE /* InfoPlist.strings in Resources */,
				0F5EC22B1451FD74001C8727 /* Default.png in Resources */,
				0FBAE74C1451FFB1007718D3 /* Icon.png in Resources */,
				0FBAE75314520F6B007718D3 /* Information.xib in Resources */,
				0FBAE7641455D46D007718D3 /* Icon@2x.png in Resources */,
				0FBAE7661455D6C0007718D3 /* Default@2x.png in Resources */,
				0F24AB9414803B130096403E /* Icon-72.png in Resources */,
				0F24AB96148040360096403E /* Default-Portrait.png in Resources */,
				0F24AB98148043D90096403E /* Default-Landscape.png in Resources */,
				8F7BD9AD1499045600205D28 /* Localizable.strings in Resources */,
				8FB58B7C14A246D0009226AE /* Chapters.png in Resources */,
				8FB58B7D14A246D0009226AE /* next.png in Resources */,
				8FB58B7E14A246D0009226AE /* next@2x.png in Resources */,
				8FB58B7F14A246D0009226AE /* previous.png in Resources */,
				8FB58B8014A246D0009226AE /* previous@2x.png in Resources */,
				03D3FFE914C02D8E004A8BE8 /* Settings.png in Resources */,
				03B0245F14C53BEE00D40DE4 /* malayalam-bible.db in Resources */,
				0F84913814F2E8940057ABE6 /* Gear.png in Resources */,
				0F84913914F2E8940057ABE6 /* Gear@2x.png in Resources */,
				035C1FBC151B2D2D00491FB1 /* lipi.png in Resources */,
				0353EE6A1520A2D60038531B /* help.png in Resources */,
				038A91B5152AE1C900F03607 /* zoom_in.png in Resources */,
				038A91B7152AE1C900F03607 /* zoom_out.png in Resources */,
			);
			runOnlyForDeploymentPostprocessing = 0;
		};
/* End PBXResourcesBuildPhase section */

/* Begin PBXSourcesBuildPhase section */
		0FFE507F1450636E00BC85EE /* Sources */ = {
			isa = PBXSourcesBuildPhase;
			buildActionMask = 2147483647;
			files = (
				0FFE50941450636E00BC85EE /* main.m in Sources */,
				0FFE50981450636E00BC85EE /* MalayalamBibleAppDelegate.m in Sources */,
				8FB58B7414A246D0009226AE /* Book.m in Sources */,
				8FB58B7514A246D0009226AE /* ChapterPickerController.m in Sources */,
				8FB58B7614A246D0009226AE /* ChapterPopOverController.m in Sources */,
				8FB58B7714A246D0009226AE /* ChapterSelection.m in Sources */,
				8FB58B7814A246D0009226AE /* Information.m in Sources */,
				8FB58B7914A246D0009226AE /* MalayalamBibleDetailViewController.m in Sources */,
				8FB58B7A14A246D0009226AE /* MalayalamBibleMasterViewController.m in Sources */,
				8FB58B7B14A246D0009226AE /* UIToolbarCustom.m in Sources */,
				03D3FFE414BFF40A004A8BE8 /* BibleDao.m in Sources */,
				03D3FFEC14C030BE004A8BE8 /* SettingsViewController.m in Sources */,
				03D3FFEF14C036E9004A8BE8 /* LanguageViewController.m in Sources */,
				03D3FFF214C04098004A8BE8 /* SelectionController.m in Sources */,
				03D3FFF614C053FD004A8BE8 /* MBConstants.m in Sources */,
				03BA84C915022AAD0089ABCE /* lex.macro_mozhi_unicode.c in Sources */,
				03BA84CA15022AAD0089ABCE /* lex.mozhi_unicode.c in Sources */,
				03BA84CB15022AAD0089ABCE /* list.c in Sources */,
				03BA84CC15022AAD0089ABCE /* mal.tab.c in Sources */,
				03BA84CD15022AAD0089ABCE /* mozhi_unicode_default.c in Sources */,
				03BA84CE15022AAD0089ABCE /* strlist.c in Sources */,
				03BA84CF15022AAD0089ABCE /* strpair.c in Sources */,
				03BA84D015022AAD0089ABCE /* strstruct.c in Sources */,
				03BA84D115022AAD0089ABCE /* txt2html.c in Sources */,
				03D1255915060FE70054CB0A /* VerseCell.m in Sources */,
				035C1FB9151B2D2200491FB1 /* WebViewController.m in Sources */,
			);
			runOnlyForDeploymentPostprocessing = 0;
		};
/* End PBXSourcesBuildPhase section */

/* Begin PBXVariantGroup section */
		0FFE50901450636E00BC85EE /* InfoPlist.strings */ = {
			isa = PBXVariantGroup;
			children = (
				0FFE50911450636E00BC85EE /* en */,
			);
			name = InfoPlist.strings;
			sourceTree = "<group>";
		};
		8F7BD9AB1499045600205D28 /* Localizable.strings */ = {
			isa = PBXVariantGroup;
			children = (
				8F7BD9AC1499045600205D28 /* en */,
			);
			name = Localizable.strings;
			sourceTree = "<group>";
		};
/* End PBXVariantGroup section */

/* Begin XCBuildConfiguration section */
		0FFE50AB1450636E00BC85EE /* Debug */ = {
			isa = XCBuildConfiguration;
			buildSettings = {
				ALWAYS_SEARCH_USER_PATHS = NO;
				ARCHS = (
					armv6,
					"$(ARCHS_STANDARD_32_BIT)",
				);
				CLANG_ENABLE_OBJC_ARC = YES;
				"CODE_SIGN_IDENTITY[sdk=iphoneos*]" = "iPhone Developer";
				COPY_PHASE_STRIP = NO;
				GCC_C_LANGUAGE_STANDARD = gnu99;
				GCC_DYNAMIC_NO_PIC = NO;
				GCC_OPTIMIZATION_LEVEL = 0;
				GCC_PREPROCESSOR_DEFINITIONS = (
					"DEBUG=1",
					"$(inherited)",
				);
				GCC_SYMBOLS_PRIVATE_EXTERN = NO;
				GCC_THUMB_SUPPORT = NO;
				GCC_VERSION = com.apple.compilers.llvm.clang.1_0;
				GCC_WARN_ABOUT_MISSING_PROTOTYPES = YES;
				GCC_WARN_ABOUT_RETURN_TYPE = YES;
				GCC_WARN_UNUSED_VARIABLE = YES;
				IPHONEOS_DEPLOYMENT_TARGET = 4.2;
				SDKROOT = iphoneos;
				TARGETED_DEVICE_FAMILY = "1,2";
			};
			name = Debug;
		};
		0FFE50AC1450636E00BC85EE /* Release */ = {
			isa = XCBuildConfiguration;
			buildSettings = {
				ALWAYS_SEARCH_USER_PATHS = NO;
				ARCHS = (
					armv6,
					"$(ARCHS_STANDARD_32_BIT)",
				);
				CLANG_ENABLE_OBJC_ARC = YES;
				CODE_SIGN_IDENTITY = "iPhone Distribution";
				"CODE_SIGN_IDENTITY[sdk=iphoneos*]" = "iPhone Distribution";
				COPY_PHASE_STRIP = YES;
				GCC_C_LANGUAGE_STANDARD = gnu99;
				GCC_THUMB_SUPPORT = NO;
				GCC_VERSION = com.apple.compilers.llvm.clang.1_0;
				GCC_WARN_ABOUT_MISSING_PROTOTYPES = YES;
				GCC_WARN_ABOUT_RETURN_TYPE = YES;
				GCC_WARN_UNUSED_VARIABLE = YES;
				IPHONEOS_DEPLOYMENT_TARGET = 4.2;
				OTHER_CFLAGS = "-DNS_BLOCK_ASSERTIONS=1";
				PROVISIONING_PROFILE = "";
				"PROVISIONING_PROFILE[sdk=iphoneos*]" = "";
				SDKROOT = iphoneos;
				TARGETED_DEVICE_FAMILY = "1,2";
				VALIDATE_PRODUCT = YES;
			};
			name = Release;
		};
		0FFE50AE1450636E00BC85EE /* Debug */ = {
			isa = XCBuildConfiguration;
			buildSettings = {
				ARCHS = (
					armv6,
					"$(ARCHS_STANDARD_32_BIT)",
				);
				"CODE_SIGN_IDENTITY[sdk=iphoneos*]" = "iPhone Developer: John Carini (97HKSGE29L)";
				COMPRESS_PNG_FILES = NO;
				GCC_PRECOMPILE_PREFIX_HEADER = YES;
				GCC_PREFIX_HEADER = "Malayalam Bible/Malayalam Bible-Prefix.pch";
				GCC_THUMB_SUPPORT = NO;
				INFOPLIST_FILE = "Malayalam Bible/Malayalam Bible-Info.plist";
				IPHONEOS_DEPLOYMENT_TARGET = 4.2;
				PRODUCT_NAME = "$(TARGET_NAME)";
				"PROVISIONING_PROFILE[sdk=iphoneos*]" = "84BD3AC7-548E-485C-8451-B7C1BCACF503";
				TARGETED_DEVICE_FAMILY = "1,2";
				WRAPPER_EXTENSION = app;
			};
			name = Debug;
		};
		0FFE50AF1450636E00BC85EE /* Release */ = {
			isa = XCBuildConfiguration;
			buildSettings = {
				ARCHS = (
					armv6,
					"$(ARCHS_STANDARD_32_BIT)",
				);
				CODE_SIGN_IDENTITY = "";
				"CODE_SIGN_IDENTITY[sdk=iphoneos*]" = "iPhone Developer: John Carini (97HKSGE29L)";
				COMPRESS_PNG_FILES = NO;
				GCC_PRECOMPILE_PREFIX_HEADER = YES;
				GCC_PREFIX_HEADER = "Malayalam Bible/Malayalam Bible-Prefix.pch";
				GCC_THUMB_SUPPORT = NO;
				INFOPLIST_FILE = "Malayalam Bible/Malayalam Bible-Info.plist";
				IPHONEOS_DEPLOYMENT_TARGET = 4.2;
				PRODUCT_NAME = "$(TARGET_NAME)";
				"PROVISIONING_PROFILE[sdk=iphoneos*]" = "84BD3AC7-548E-485C-8451-B7C1BCACF503";
				TARGETED_DEVICE_FAMILY = "1,2";
				WRAPPER_EXTENSION = app;
			};
			name = Release;
		};
/* End XCBuildConfiguration section */

/* Begin XCConfigurationList section */
		0FFE507D1450636E00BC85EE /* Build configuration list for PBXProject "Malayalam Bible" */ = {
			isa = XCConfigurationList;
			buildConfigurations = (
				0FFE50AB1450636E00BC85EE /* Debug */,
				0FFE50AC1450636E00BC85EE /* Release */,
			);
			defaultConfigurationIsVisible = 0;
			defaultConfigurationName = Release;
		};
		0FFE50AD1450636E00BC85EE /* Build configuration list for PBXNativeTarget "Malayalam Bible" */ = {
			isa = XCConfigurationList;
			buildConfigurations = (
				0FFE50AE1450636E00BC85EE /* Debug */,
				0FFE50AF1450636E00BC85EE /* Release */,
			);
			defaultConfigurationIsVisible = 0;
			defaultConfigurationName = Release;
		};
/* End XCConfigurationList section */
	};
	rootObject = 0FFE507A1450636E00BC85EE /* Project object */;
}
